
Microsoft Visual Studio Solution File, Format Version 12.00
# Visual Studio Version 17
VisualStudioVersion = 17.5.002.0
MinimumVisualStudioVersion = 10.0.40219.1
Project("{9A19103F-16F7-4668-BE54-9A1E7A4F7556}") = "DesafioFundamentos", "DesafioFundamentos\DesafioFundamentos.csproj", "{46940878-5BE6-49C7-8F24-B285AB4459BF}"
EndProject
Global
	GlobalSection(SolutionConfigurationPlatforms) = preSolution
		Debug|Any CPU = Debug|Any CPU
		Release|Any CPU = Release|Any CPU
	EndGlobalSection
	GlobalSection(ProjectConfigurationPlatforms) = postSolution
		{46940878-5BE6-49C7-8F24-B285AB4459BF}.Debug|Any CPU.ActiveCfg = Debug|Any CPU
		{46940878-5BE6-49C7-8F24-B285AB4459BF}.Debug|Any CPU.Build.0 = Debug|Any CPU
		{46940878-5BE6-49C7-8F24-B285AB4459BF}.Release|Any CPU.ActiveCfg = Release|Any CPU
		{46940878-5BE6-49C7-8F24-B285AB4459BF}.Release|Any CPU.Build.0 = Release|Any CPU
	EndGlobalSection
	GlobalSection(SolutionProperties) = preSolution
		HideSolutionNode = FALSE
	EndGlobalSection
	GlobalSection(ExtensibilityGlobals) = postSolution
		SolutionGuid = {1CC6C724-F1EB-4046-A190-CCEE8581A237}
	EndGlobalSection
EndGlobal
